{
  "object": {
    "pins": [
      {
        "package": "Nuke",
        "repositoryURL": "https://github.com/kean/Nuke.git",
        "state": {
          "branch": null,
          "revision": "998588c80611e4fe9b71dd4323fa938ee62f4ff7",
          "version": "9.1.1"
        }
      },
      {
        "package": "Realm",
        "repositoryURL": "https://github.com/realm/realm-cocoa.git",
        "state": {
          "branch": null,
          "revision": "b37e031434ed1e91c9254ef124fbac92b1a4c873",
          "version": "5.3.4"
        }
      },
      {
        "package": "RealmCore",
        "repositoryURL": "https://github.com/realm/realm-core",
        "state": {
          "branch": null,
          "revision": "b0c2d353112e284011ff0c898907392a9f4f15b6",
          "version": "6.0.18"
        }
      },
      {
        "package": "Stencil",
        "repositoryURL": "https://github.com/ZamzamInc/Stencil.git",
        "state": {
          "branch": null,
          "revision": "2ad923ba172ace3c38a3995eedbec03e322c828b",
          "version": "0.13.2"
        }
      },
      {
        "package": "ZamzamKit",
        "repositoryURL": "https://github.com/ZamzamInc/ZamzamKit.git",
        "state": {
          "branch": null,
          "revision": "c977ba41eabf4aa1b1d2faeb08b653e953d5f48a",
          "version": "6.1.3"
        }
      }
    ]
  },
  "version": 1
}
