{
  "object": {
    "pins": [
      {
        "package": "Kingfisher",
        "repositoryURL": "git@github.com:onevcat/Kingfisher.git",
        "state": {
          "branch": "master",
          "revision": "c48773198f0ec86af8ae1a0ba23965f45bcda5b9",
          "version": null
        }
      },
      {
        "package": "Realm",
        "repositoryURL": "git@github.com:realm/realm-cocoa.git",
        "state": {
          "branch": "master",
          "revision": "61642a09324b1cceca001c0b274b790960ad4aaa",
          "version": null
        }
      },
      {
        "package": "RealmCore",
        "repositoryURL": "https://github.com/realm/realm-core",
        "state": {
          "branch": null,
          "revision": "35662ff940e340bf630ad1d1d88acfc7af18bee6",
          "version": "5.23.8"
        }
      },
      {
        "package": "Stencil",
        "repositoryURL": "git@github.com:ZamzamInc/Stencil.git",
        "state": {
          "branch": "lite",
          "revision": "2ad923ba172ace3c38a3995eedbec03e322c828b",
          "version": null
        }
      },
      {
        "package": "ZamzamKit",
        "repositoryURL": "git@github.com:ZamzamInc/ZamzamKit.git",
        "state": {
          "branch": "master",
          "revision": "41717dfc3b1ecd40181484189379b6f32e68376c",
          "version": null
        }
      }
    ]
  },
  "version": 1
}
